// !$*UTF8*$!
{
	archiveVersion = 1;
	classes = {
	};
	objectVersion = 56;
	objects = {

/* Begin PBXBuildFile section */
		54B8026A29D0C73500DF0D66 /* AppDelegate.swift in Sources */ = {isa = PBXBuildFile; fileRef = 54B8026929D0C73500DF0D66 /* AppDelegate.swift */; };
		54B8026C29D0C73500DF0D66 /* SceneDelegate.swift in Sources */ = {isa = PBXBuildFile; fileRef = 54B8026B29D0C73500DF0D66 /* SceneDelegate.swift */; };
		54B8026E29D0C73500DF0D66 /* ViewController.swift in Sources */ = {isa = PBXBuildFile; fileRef = 54B8026D29D0C73500DF0D66 /* ViewController.swift */; };
		54B8027129D0C73500DF0D66 /* Main.storyboard in Resources */ = {isa = PBXBuildFile; fileRef = 54B8026F29D0C73500DF0D66 /* Main.storyboard */; };
		54B8027329D0C73600DF0D66 /* Assets.xcassets in Resources */ = {isa = PBXBuildFile; fileRef = 54B8027229D0C73600DF0D66 /* Assets.xcassets */; };
		54B8027629D0C73600DF0D66 /* LaunchScreen.storyboard in Resources */ = {isa = PBXBuildFile; fileRef = 54B8027429D0C73600DF0D66 /* LaunchScreen.storyboard */; };
		54B8027F29D0CF2000DF0D66 /* AudioKit in Frameworks */ = {isa = PBXBuildFile; productRef = 54B8027E29D0CF2000DF0D66 /* AudioKit */; };
/* End PBXBuildFile section */

/* Begin PBXFileReference section */
		54B8026629D0C73500DF0D66 /* HearEnhance.app */ = {isa = PBXFileReference; explicitFileType = wrapper.application; includeInIndex = 0; path = HearEnhance.app; sourceTree = BUILT_PRODUCTS_DIR; };
		54B8026929D0C73500DF0D66 /* AppDelegate.swift */ = {isa = PBXFileReference; lastKnownFileType = sourcecode.swift; path = AppDelegate.swift; sourceTree = "<group>"; };
		54B8026B29D0C73500DF0D66 /* SceneDelegate.swift */ = {isa = PBXFileReference; lastKnownFileType = sourcecode.swift; path = SceneDelegate.swift; sourceTree = "<group>"; };
		54B8026D29D0C73500DF0D66 /* ViewController.swift */ = {isa = PBXFileReference; lastKnownFileType = sourcecode.swift; path = ViewController.swift; sourceTree = "<group>"; };
		54B8027029D0C73500DF0D66 /* Base */ = {isa = PBXFileReference; lastKnownFileType = file.storyboard; name = Base; path = Base.lproj/Main.storyboard; sourceTree = "<group>"; };
		54B8027229D0C73600DF0D66 /* Assets.xcassets */ = {isa = PBXFileReference; lastKnownFileType = folder.assetcatalog; path = Assets.xcassets; sourceTree = "<group>"; };
		54B8027529D0C73600DF0D66 /* Base */ = {isa = PBXFileReference; lastKnownFileType = file.storyboard; name = Base; path = Base.lproj/LaunchScreen.storyboard; sourceTree = "<group>"; };
		54B8027729D0C73600DF0D66 /* Info.plist */ = {isa = PBXFileReference; lastKnownFileType = text.plist.xml; path = Info.plist; sourceTree = "<group>"; };
/* End PBXFileReference section */

/* Begin PBXFrameworksBuildPhase section */
		54B8026329D0C73500DF0D66 /* Frameworks */ = {
			isa = PBXFrameworksBuildPhase;
			buildActionMask = 2147483647;
			files = (
				54B8027F29D0CF2000DF0D66 /* AudioKit in Frameworks */,
			);
			runOnlyForDeploymentPostprocessing = 0;
		};
/* End PBXFrameworksBuildPhase section */

/* Begin PBXGroup section */
		54B8025D29D0C73500DF0D66 = {
			isa = PBXGroup;
			children = (
				54B8026829D0C73500DF0D66 /* HearEnhance */,
				54B8026729D0C73500DF0D66 /* Products */,
			);
			sourceTree = "<group>";
		};
		54B8026729D0C73500DF0D66 /* Products */ = {
			isa = PBXGroup;
			children = (
				54B8026629D0C73500DF0D66 /* HearEnhance.app */,
			);
			name = Products;
			sourceTree = "<group>";
		};
		54B8026829D0C73500DF0D66 /* HearEnhance */ = {
			isa = PBXGroup;
			children = (
				54B8026929D0C73500DF0D66 /* AppDelegate.swift */,
				54B8026B29D0C73500DF0D66 /* SceneDelegate.swift */,
				54B8026D29D0C73500DF0D66 /* ViewController.swift */,
				54B8026F29D0C73500DF0D66 /* Main.storyboard */,
				54B8027229D0C73600DF0D66 /* Assets.xcassets */,
				54B8027429D0C73600DF0D66 /* LaunchScreen.storyboard */,
				54B8027729D0C73600DF0D66 /* Info.plist */,
			);
			path = HearEnhance;
			sourceTree = "<group>";
		};
/* End PBXGroup section */

/* Begin PBXNativeTarget section */
		54B8026529D0C73500DF0D66 /* HearEnhance */ = {
			isa = PBXNativeTarget;
			buildConfigurationList = 54B8027A29D0C73600DF0D66 /* Build configuration list for PBXNativeTarget "HearEnhance" */;
			buildPhases = (
				54B8026229D0C73500DF0D66 /* Sources */,
				54B8026329D0C73500DF0D66 /* Frameworks */,
				54B8026429D0C73500DF0D66 /* Resources */,
			);
			buildRules = (
			);
			dependencies = (
			);
			name = HearEnhance;
			packageProductDependencies = (
				54B8027E29D0CF2000DF0D66 /* AudioKit */,
			);
			productName = HearEnhance;
			productReference = 54B8026629D0C73500DF0D66 /* HearEnhance.app */;
			productType = "com.apple.product-type.application";
		};
/* End PBXNativeTarget section */

/* Begin PBXProject section */
		54B8025E29D0C73500DF0D66 /* Project object */ = {
			isa = PBXProject;
			attributes = {
				BuildIndependentTargetsInParallel = 1;
				LastSwiftUpdateCheck = 1420;
				LastUpgradeCheck = 1420;
				TargetAttributes = {
					54B8026529D0C73500DF0D66 = {
						CreatedOnToolsVersion = 14.2;
					};
				};
			};
			buildConfigurationList = 54B8026129D0C73500DF0D66 /* Build configuration list for PBXProject "HearEnhance" */;
			compatibilityVersion = "Xcode 14.0";
			developmentRegion = en;
			hasScannedForEncodings = 0;
			knownRegions = (
				en,
				Base,
			);
			mainGroup = 54B8025D29D0C73500DF0D66;
			packageReferences = (
				54B8027D29D0CF2000DF0D66 /* XCRemoteSwiftPackageReference "AudioKit" */,
			);
			productRefGroup = 54B8026729D0C73500DF0D66 /* Products */;
			projectDirPath = "";
			projectRoot = "";
			targets = (
				54B8026529D0C73500DF0D66 /* HearEnhance */,
			);
		};
/* End PBXProject section */

/* Begin PBXResourcesBuildPhase section */
		54B8026429D0C73500DF0D66 /* Resources */ = {
			isa = PBXResourcesBuildPhase;
			buildActionMask = 2147483647;
			files = (
				54B8027629D0C73600DF0D66 /* LaunchScreen.storyboard in Resources */,
				54B8027329D0C73600DF0D66 /* Assets.xcassets in Resources */,
				54B8027129D0C73500DF0D66 /* Main.storyboard in Resources */,
			);
			runOnlyForDeploymentPostprocessing = 0;
		};
/* End PBXResourcesBuildPhase section */

/* Begin PBXSourcesBuildPhase section */
		54B8026229D0C73500DF0D66 /* Sources */ = {
			isa = PBXSourcesBuildPhase;
			buildActionMask = 2147483647;
			files = (
				54B8026E29D0C73500DF0D66 /* ViewController.swift in Sources */,
				54B8026A29D0C73500DF0D66 /* AppDelegate.swift in Sources */,
				54B8026C29D0C73500DF0D66 /* SceneDelegate.swift in Sources */,
			);
			runOnlyForDeploymentPostprocessing = 0;
		};
/* End PBXSourcesBuildPhase section */

/* Begin PBXVariantGroup section */
		54B8026F29D0C73500DF0D66 /* Main.storyboard */ = {
			isa = PBXVariantGroup;
			children = (
				54B8027029D0C73500DF0D66 /* Base */,
			);
			name = Main.storyboard;
			sourceTree = "<group>";
		};
		54B8027429D0C73600DF0D66 /* LaunchScreen.storyboard */ = {
			isa = PBXVariantGroup;
			children = (
				54B8027529D0C73600DF0D66 /* Base */,
			);
			name = LaunchScreen.storyboard;
			sourceTree = "<group>";
		};
/* End PBXVariantGroup section */

/* Begin XCBuildConfiguration section */
		54B8027829D0C73600DF0D66 /* Debug */ = {
			isa = XCBuildConfiguration;
			buildSettings = {
				ALWAYS_SEARCH_USER_PATHS = NO;
				CLANG_ANALYZER_NONNULL = YES;
				CLANG_ANALYZER_NUMBER_OBJECT_CONVERSION = YES_AGGRESSIVE;
				CLANG_CXX_LANGUAGE_STANDARD = "gnu++20";
				CLANG_ENABLE_MODULES = YES;
				CLANG_ENABLE_OBJC_ARC = YES;
				CLANG_ENABLE_OBJC_WEAK = YES;
				CLANG_WARN_BLOCK_CAPTURE_AUTORELEASING = YES;
				CLANG_WARN_BOOL_CONVERSION = YES;
				CLANG_WARN_COMMA = YES;
				CLANG_WARN_CONSTANT_CONVERSION = YES;
				CLANG_WARN_DEPRECATED_OBJC_IMPLEMENTATIONS = YES;
				CLANG_WARN_DIRECT_OBJC_ISA_USAGE = YES_ERROR;
				CLANG_WARN_DOCUMENTATION_COMMENTS = YES;
				CLANG_WARN_EMPTY_BODY = YES;
				CLANG_WARN_ENUM_CONVERSION = YES;
				CLANG_WARN_INFINITE_RECURSION = YES;
				CLANG_WARN_INT_CONVERSION = YES;
				CLANG_WARN_NON_LITERAL_NULL_CONVERSION = YES;
				CLANG_WARN_OBJC_IMPLICIT_RETAIN_SELF = YES;
				CLANG_WARN_OBJC_LITERAL_CONVERSION = YES;
				CLANG_WARN_OBJC_ROOT_CLASS = YES_ERROR;
				CLANG_WARN_QUOTED_INCLUDE_IN_FRAMEWORK_HEADER = YES;
				CLANG_WARN_RANGE_LOOP_ANALYSIS = YES;
				CLANG_WARN_STRICT_PROTOTYPES = YES;
				CLANG_WARN_SUSPICIOUS_MOVE = YES;
				CLANG_WARN_UNGUARDED_AVAILABILITY = YES_AGGRESSIVE;
				CLANG_WARN_UNREACHABLE_CODE = YES;
				CLANG_WARN__DUPLICATE_METHOD_MATCH = YES;
				COPY_PHASE_STRIP = NO;
				DEBUG_INFORMATION_FORMAT = dwarf;
				ENABLE_STRICT_OBJC_MSGSEND = YES;
				ENABLE_TESTABILITY = YES;
				GCC_C_LANGUAGE_STANDARD = gnu11;
				GCC_DYNAMIC_NO_PIC = NO;
				GCC_NO_COMMON_BLOCKS = YES;
				GCC_OPTIMIZATION_LEVEL = 0;
				GCC_PREPROCESSOR_DEFINITIONS = (
					"DEBUG=1",
					"$(inherited)",
				);
				GCC_WARN_64_TO_32_BIT_CONVERSION = YES;
				GCC_WARN_ABOUT_RETURN_TYPE = YES_ERROR;
				GCC_WARN_UNDECLARED_SELECTOR = YES;
				GCC_WARN_UNINITIALIZED_AUTOS = YES_AGGRESSIVE;
				GCC_WARN_UNUSED_FUNCTION = YES;
				GCC_WARN_UNUSED_VARIABLE = YES;
				IPHONEOS_DEPLOYMENT_TARGET = 16.2;
				MTL_ENABLE_DEBUG_INFO = INCLUDE_SOURCE;
				MTL_FAST_MATH = YES;
				ONLY_ACTIVE_ARCH = YES;
				SDKROOT = iphoneos;
				SWIFT_ACTIVE_COMPILATION_CONDITIONS = DEBUG;
				SWIFT_OPTIMIZATION_LEVEL = "-Onone";
			};
			name = Debug;
		};
		54B8027929D0C73600DF0D66 /* Release */ = {
			isa = XCBuildConfiguration;
			buildSettings = {
				ALWAYS_SEARCH_USER_PATHS = NO;
				CLANG_ANALYZER_NONNULL = YES;
				CLANG_ANALYZER_NUMBER_OBJECT_CONVERSION = YES_AGGRESSIVE;
				CLANG_CXX_LANGUAGE_STANDARD = "gnu++20";
				CLANG_ENABLE_MODULES = YES;
				CLANG_ENABLE_OBJC_ARC = YES;
				CLANG_ENABLE_OBJC_WEAK = YES;
				CLANG_WARN_BLOCK_CAPTURE_AUTORELEASING = YES;
				CLANG_WARN_BOOL_CONVERSION = YES;
				CLANG_WARN_COMMA = YES;
				CLANG_WARN_CONSTANT_CONVERSION = YES;
				CLANG_WARN_DEPRECATED_OBJC_IMPLEMENTATIONS = YES;
				CLANG_WARN_DIRECT_OBJC_ISA_USAGE = YES_ERROR;
				CLANG_WARN_DOCUMENTATION_COMMENTS = YES;
				CLANG_WARN_EMPTY_BODY = YES;
				CLANG_WARN_ENUM_CONVERSION = YES;
				CLANG_WARN_INFINITE_RECURSION = YES;
				CLANG_WARN_INT_CONVERSION = YES;
				CLANG_WARN_NON_LITERAL_NULL_CONVERSION = YES;
				CLANG_WARN_OBJC_IMPLICIT_RETAIN_SELF = YES;
				CLANG_WARN_OBJC_LITERAL_CONVERSION = YES;
				CLANG_WARN_OBJC_ROOT_CLASS = YES_ERROR;
				CLANG_WARN_QUOTED_INCLUDE_IN_FRAMEWORK_HEADER = YES;
				CLANG_WARN_RANGE_LOOP_ANALYSIS = YES;
				CLANG_WARN_STRICT_PROTOTYPES = YES;
				CLANG_WARN_SUSPICIOUS_MOVE = YES;
				CLANG_WARN_UNGUARDED_AVAILABILITY = YES_AGGRESSIVE;
				CLANG_WARN_UNREACHABLE_CODE = YES;
				CLANG_WARN__DUPLICATE_METHOD_MATCH = YES;
				COPY_PHASE_STRIP = NO;
				DEBUG_INFORMATION_FORMAT = "dwarf-with-dsym";
				ENABLE_NS_ASSERTIONS = NO;
				ENABLE_STRICT_OBJC_MSGSEND = YES;
				GCC_C_LANGUAGE_STANDARD = gnu11;
				GCC_NO_COMMON_BLOCKS = YES;
				GCC_WARN_64_TO_32_BIT_CONVERSION = YES;
				GCC_WARN_ABOUT_RETURN_TYPE = YES_ERROR;
				GCC_WARN_UNDECLARED_SELECTOR = YES;
				GCC_WARN_UNINITIALIZED_AUTOS = YES_AGGRESSIVE;
				GCC_WARN_UNUSED_FUNCTION = YES;
				GCC_WARN_UNUSED_VARIABLE = YES;
				IPHONEOS_DEPLOYMENT_TARGET = 16.2;
				MTL_ENABLE_DEBUG_INFO = NO;
				MTL_FAST_MATH = YES;
				SDKROOT = iphoneos;
				SWIFT_COMPILATION_MODE = wholemodule;
				SWIFT_OPTIMIZATION_LEVEL = "-O";
				VALIDATE_PRODUCT = YES;
			};
			name = Release;
		};
		54B8027B29D0C73600DF0D66 /* Debug */ = {
			isa = XCBuildConfiguration;
			buildSettings = {
				ASSETCATALOG_COMPILER_APPICON_NAME = AppIcon;
				ASSETCATALOG_COMPILER_GLOBAL_ACCENT_COLOR_NAME = AccentColor;
				CODE_SIGN_STYLE = Automatic;
				CURRENT_PROJECT_VERSION = 1;
				DEVELOPMENT_TEAM = S2S6B4JMLD;
				GENERATE_INFOPLIST_FILE = YES;
				INFOPLIST_FILE = HearEnhance/Info.plist;
				INFOPLIST_KEY_NSMicrophoneUsageDescription = "The microphone is only used to enhance users' hearing experience and is not used for any other purposes, such as recording or sharing audio with third parties";
				INFOPLIST_KEY_UIApplicationSupportsIndirectInputEvents = YES;
				INFOPLIST_KEY_UILaunchStoryboardName = LaunchScreen;
				INFOPLIST_KEY_UIMainStoryboardFile = Main;
				INFOPLIST_KEY_UISupportedInterfaceOrientations = UIInterfaceOrientationPortrait;
				LD_RUNPATH_SEARCH_PATHS = (
					"$(inherited)",
					"@executable_path/Frameworks",
				);
				MARKETING_VERSION = 1.0;
				PRODUCT_BUNDLE_IDENTIFIER = JPYang.HearEnhance;
				PRODUCT_NAME = "$(TARGET_NAME)";
				SWIFT_EMIT_LOC_STRINGS = YES;
				SWIFT_VERSION = 5.0;
				TARGETED_DEVICE_FAMILY = "1,2";
			};
			name = Debug;
		};
		54B8027C29D0C73600DF0D66 /* Release */ = {
			isa = XCBuildConfiguration;
			buildSettings = {
				ASSETCATALOG_COMPILER_APPICON_NAME = AppIcon;
				ASSETCATALOG_COMPILER_GLOBAL_ACCENT_COLOR_NAME = AccentColor;
				CODE_SIGN_STYLE = Automatic;
				CURRENT_PROJECT_VERSION = 1;
				DEVELOPMENT_TEAM = S2S6B4JMLD;
				GENERATE_INFOPLIST_FILE = YES;
				INFOPLIST_FILE = HearEnhance/Info.plist;
				INFOPLIST_KEY_NSMicrophoneUsageDescription = "The microphone is only used to enhance users' hearing experience and is not used for any other purposes, such as recording or sharing audio with third parties";
				INFOPLIST_KEY_UIApplicationSupportsIndirectInputEvents = YES;
				INFOPLIST_KEY_UILaunchStoryboardName = LaunchScreen;
				INFOPLIST_KEY_UIMainStoryboardFile = Main;
				INFOPLIST_KEY_UISupportedInterfaceOrientations = UIInterfaceOrientationPortrait;
				LD_RUNPATH_SEARCH_PATHS = (
					"$(inherited)",
					"@executable_path/Frameworks",
				);
				MARKETING_VERSION = 1.0;
				PRODUCT_BUNDLE_IDENTIFIER = JPYang.HearEnhance;
				PRODUCT_NAME = "$(TARGET_NAME)";
				SWIFT_EMIT_LOC_STRINGS = YES;
				SWIFT_VERSION = 5.0;
				TARGETED_DEVICE_FAMILY = "1,2";
			};
			name = Release;
		};
/* End XCBuildConfiguration section */

/* Begin XCConfigurationList section */
		54B8026129D0C73500DF0D66 /* Build configuration list for PBXProject "HearEnhance" */ = {
			isa = XCConfigurationList;
			buildConfigurations = (
				54B8027829D0C73600DF0D66 /* Debug */,
				54B8027929D0C73600DF0D66 /* Release */,
			);
			defaultConfigurationIsVisible = 0;
			defaultConfigurationName = Release;
		};
		54B8027A29D0C73600DF0D66 /* Build configuration list for PBXNativeTarget "HearEnhance" */ = {
			isa = XCConfigurationList;
			buildConfigurations = (
				54B8027B29D0C73600DF0D66 /* Debug */,
				54B8027C29D0C73600DF0D66 /* Release */,
			);
			defaultConfigurationIsVisible = 0;
			defaultConfigurationName = Release;
		};
/* End XCConfigurationList section */

/* Begin XCRemoteSwiftPackageReference section */
		54B8027D29D0CF2000DF0D66 /* XCRemoteSwiftPackageReference "AudioKit" */ = {
			isa = XCRemoteSwiftPackageReference;
			repositoryURL = "https://github.com/AudioKit/AudioKit";
			requirement = {
				branch = main;
				kind = branch;
			};
		};
/* End XCRemoteSwiftPackageReference section */

/* Begin XCSwiftPackageProductDependency section */
		54B8027E29D0CF2000DF0D66 /* AudioKit */ = {
			isa = XCSwiftPackageProductDependency;
			package = 54B8027D29D0CF2000DF0D66 /* XCRemoteSwiftPackageReference "AudioKit" */;
			productName = AudioKit;
		};
/* End XCSwiftPackageProductDependency section */
	};
	rootObject = 54B8025E29D0C73500DF0D66 /* Project object */;
}
